
Microsoft Visual Studio Solution File, Format Version 12.00
# Visual Studio Version 16
VisualStudioVersion = 16.0.30907.101
MinimumVisualStudioVersion = 10.0.40219.1
Project("{FAE04EC0-301F-11D3-BF4B-00C04F79EFBC}") = "RestaurantReservation.Api.EmailService", "RestaurantReservation.Api.EmailService\RestaurantReservation.Api.EmailService.csproj", "{91C32B1C-94BE-4D3A-BF9F-335D3D733ED9}"
EndProject
Project("{2150E333-8FDC-42A3-9474-1A3956D46DE8}") = "Solution Items", "Solution Items", "{27429DFA-3CDE-4258-A12A-47F5BC1529C8}"
	ProjectSection(SolutionItems) = preProject
		README.md = README.md
	EndProjectSection
EndProject
Global
	GlobalSection(SolutionConfigurationPlatforms) = preSolution
		Debug|Any CPU = Debug|Any CPU
		Release|Any CPU = Release|Any CPU
	EndGlobalSection
	GlobalSection(ProjectConfigurationPlatforms) = postSolution
		{91C32B1C-94BE-4D3A-BF9F-335D3D733ED9}.Debug|Any CPU.ActiveCfg = Debug|Any CPU
		{91C32B1C-94BE-4D3A-BF9F-335D3D733ED9}.Debug|Any CPU.Build.0 = Debug|Any CPU
		{91C32B1C-94BE-4D3A-BF9F-335D3D733ED9}.Release|Any CPU.ActiveCfg = Release|Any CPU
		{91C32B1C-94BE-4D3A-BF9F-335D3D733ED9}.Release|Any CPU.Build.0 = Release|Any CPU
	EndGlobalSection
	GlobalSection(SolutionProperties) = preSolution
		HideSolutionNode = FALSE
	EndGlobalSection
	GlobalSection(ExtensibilityGlobals) = postSolution
		SolutionGuid = {6AF024CB-F928-423D-B570-376A35EA8CEA}
	EndGlobalSection
EndGlobal
